
Microsoft Visual Studio Solution File, Format Version 12.00
# Visual Studio Version 17
VisualStudioVersion = 17.1.32210.238
MinimumVisualStudioVersion = 10.0.40219.1
Project("{9A19103F-16F7-4668-BE54-9A1E7A4F7556}") = "WebApp", "apps\WebApp\WebApp.csproj", "{160BBD78-5987-409B-83CB-C6D65BC90FF4}"
EndProject
Project("{2150E333-8FDC-42A3-9474-1A3956D46DE8}") = "src", "src", "{94BD5AAD-DA11-454F-9D51-DC564D55A067}"
	ProjectSection(SolutionItems) = preProject
		Directory.Build.props = Directory.Build.props
	EndProjectSection
EndProject
Project("{2150E333-8FDC-42A3-9474-1A3956D46DE8}") = "apps", "apps", "{6898D80B-C9F0-4B3B-9385-6650EE0676D7}"
EndProject
Project("{2150E333-8FDC-42A3-9474-1A3956D46DE8}") = "services", "services", "{EEDF3F3D-03FE-4DC2-A07B-19DA66517A34}"
EndProject
Project("{9A19103F-16F7-4668-BE54-9A1E7A4F7556}") = "WebStatus", "apps\WebStatus\WebStatus.csproj", "{86248C1D-9F23-4FD0-A752-DB6E00F003C9}"
EndProject
Project("{2150E333-8FDC-42A3-9474-1A3956D46DE8}") = "Lab", "Lab", "{DC913E42-6DA1-4C88-978A-B15F77251B50}"
EndProject
Project("{2150E333-8FDC-42A3-9474-1A3956D46DE8}") = "Adt", "Adt", "{03D004D2-FF5F-4B6D-863C-29493A4AC11B}"
EndProject
Project("{2150E333-8FDC-42A3-9474-1A3956D46DE8}") = "Alert", "Alert", "{2873F214-5044-47B4-97D3-D79400694A45}"
EndProject
Project("{9A19103F-16F7-4668-BE54-9A1E7A4F7556}") = "AdtService.Api", "services\Adt\AdtService.Api\AdtService.Api.csproj", "{315101BF-67DE-4D91-9E51-F5D970C98D50}"
EndProject
Project("{9A19103F-16F7-4668-BE54-9A1E7A4F7556}") = "AlertService.Api", "services\Alert\AlertService.Api\AlertService.Api.csproj", "{22D5D7FA-AF83-46BB-A52A-66F806FF29E9}"
EndProject
Project("{9A19103F-16F7-4668-BE54-9A1E7A4F7556}") = "LabService.Api", "services\Lab\LabService.Api\LabService.Api.csproj", "{029DEE9B-BAA9-438B-BD52-4882CDFB7207}"
EndProject
Project("{E53339B2-1760-4266-BCC7-CA923CBCF16C}") = "docker-compose", "docker-compose.dcproj", "{BE34729D-D3C6-4786-9623-6464EDA6D795}"
EndProject
Global
	GlobalSection(SolutionConfigurationPlatforms) = preSolution
		Debug|Any CPU = Debug|Any CPU
		Release|Any CPU = Release|Any CPU
	EndGlobalSection
	GlobalSection(ProjectConfigurationPlatforms) = postSolution
		{160BBD78-5987-409B-83CB-C6D65BC90FF4}.Debug|Any CPU.ActiveCfg = Debug|Any CPU
		{160BBD78-5987-409B-83CB-C6D65BC90FF4}.Debug|Any CPU.Build.0 = Debug|Any CPU
		{160BBD78-5987-409B-83CB-C6D65BC90FF4}.Release|Any CPU.ActiveCfg = Release|Any CPU
		{160BBD78-5987-409B-83CB-C6D65BC90FF4}.Release|Any CPU.Build.0 = Release|Any CPU
		{86248C1D-9F23-4FD0-A752-DB6E00F003C9}.Debug|Any CPU.ActiveCfg = Debug|Any CPU
		{86248C1D-9F23-4FD0-A752-DB6E00F003C9}.Debug|Any CPU.Build.0 = Debug|Any CPU
		{86248C1D-9F23-4FD0-A752-DB6E00F003C9}.Release|Any CPU.ActiveCfg = Release|Any CPU
		{86248C1D-9F23-4FD0-A752-DB6E00F003C9}.Release|Any CPU.Build.0 = Release|Any CPU
		{315101BF-67DE-4D91-9E51-F5D970C98D50}.Debug|Any CPU.ActiveCfg = Debug|Any CPU
		{315101BF-67DE-4D91-9E51-F5D970C98D50}.Debug|Any CPU.Build.0 = Debug|Any CPU
		{315101BF-67DE-4D91-9E51-F5D970C98D50}.Release|Any CPU.ActiveCfg = Release|Any CPU
		{315101BF-67DE-4D91-9E51-F5D970C98D50}.Release|Any CPU.Build.0 = Release|Any CPU
		{22D5D7FA-AF83-46BB-A52A-66F806FF29E9}.Debug|Any CPU.ActiveCfg = Debug|Any CPU
		{22D5D7FA-AF83-46BB-A52A-66F806FF29E9}.Debug|Any CPU.Build.0 = Debug|Any CPU
		{22D5D7FA-AF83-46BB-A52A-66F806FF29E9}.Release|Any CPU.ActiveCfg = Release|Any CPU
		{22D5D7FA-AF83-46BB-A52A-66F806FF29E9}.Release|Any CPU.Build.0 = Release|Any CPU
		{029DEE9B-BAA9-438B-BD52-4882CDFB7207}.Debug|Any CPU.ActiveCfg = Debug|Any CPU
		{029DEE9B-BAA9-438B-BD52-4882CDFB7207}.Debug|Any CPU.Build.0 = Debug|Any CPU
		{029DEE9B-BAA9-438B-BD52-4882CDFB7207}.Release|Any CPU.ActiveCfg = Release|Any CPU
		{029DEE9B-BAA9-438B-BD52-4882CDFB7207}.Release|Any CPU.Build.0 = Release|Any CPU
		{BE34729D-D3C6-4786-9623-6464EDA6D795}.Debug|Any CPU.ActiveCfg = Debug|Any CPU
		{BE34729D-D3C6-4786-9623-6464EDA6D795}.Debug|Any CPU.Build.0 = Debug|Any CPU
		{BE34729D-D3C6-4786-9623-6464EDA6D795}.Release|Any CPU.ActiveCfg = Release|Any CPU
		{BE34729D-D3C6-4786-9623-6464EDA6D795}.Release|Any CPU.Build.0 = Release|Any CPU
	EndGlobalSection
	GlobalSection(SolutionProperties) = preSolution
		HideSolutionNode = FALSE
	EndGlobalSection
	GlobalSection(NestedProjects) = preSolution
		{160BBD78-5987-409B-83CB-C6D65BC90FF4} = {6898D80B-C9F0-4B3B-9385-6650EE0676D7}
		{6898D80B-C9F0-4B3B-9385-6650EE0676D7} = {94BD5AAD-DA11-454F-9D51-DC564D55A067}
		{EEDF3F3D-03FE-4DC2-A07B-19DA66517A34} = {94BD5AAD-DA11-454F-9D51-DC564D55A067}
		{86248C1D-9F23-4FD0-A752-DB6E00F003C9} = {6898D80B-C9F0-4B3B-9385-6650EE0676D7}
		{DC913E42-6DA1-4C88-978A-B15F77251B50} = {EEDF3F3D-03FE-4DC2-A07B-19DA66517A34}
		{03D004D2-FF5F-4B6D-863C-29493A4AC11B} = {EEDF3F3D-03FE-4DC2-A07B-19DA66517A34}
		{2873F214-5044-47B4-97D3-D79400694A45} = {EEDF3F3D-03FE-4DC2-A07B-19DA66517A34}
		{315101BF-67DE-4D91-9E51-F5D970C98D50} = {03D004D2-FF5F-4B6D-863C-29493A4AC11B}
		{22D5D7FA-AF83-46BB-A52A-66F806FF29E9} = {2873F214-5044-47B4-97D3-D79400694A45}
		{029DEE9B-BAA9-438B-BD52-4882CDFB7207} = {DC913E42-6DA1-4C88-978A-B15F77251B50}
	EndGlobalSection
	GlobalSection(ExtensibilityGlobals) = postSolution
		SolutionGuid = {D21959E4-A1D0-47C7-B932-9614074245E9}
	EndGlobalSection
EndGlobal
